
Microsoft Visual Studio Solution File, Format Version 12.00
# Visual Studio Version 17
VisualStudioVersion = 17.0.31919.166
MinimumVisualStudioVersion = 10.0.40219.1
Project("{9A19103F-16F7-4668-BE54-9A1E7A4F7556}") = "SimpleHasher", "Hasher\SimpleHasher.csproj", "{5C56D7CF-AE91-46DD-BA57-AD58E18AF133}"
EndProject
Project("{9A19103F-16F7-4668-BE54-9A1E7A4F7556}") = "SimpleHasher.Tests", "Hasher.Tests\SimpleHasher.Tests.csproj", "{8AA43CC0-E8C0-4C03-8260-1583F22B23FD}"
EndProject
Global
	GlobalSection(SolutionConfigurationPlatforms) = preSolution
		Debug|Any CPU = Debug|Any CPU
		Release|Any CPU = Release|Any CPU
	EndGlobalSection
	GlobalSection(ProjectConfigurationPlatforms) = postSolution
		{5C56D7CF-AE91-46DD-BA57-AD58E18AF133}.Debug|Any CPU.ActiveCfg = Debug|Any CPU
		{5C56D7CF-AE91-46DD-BA57-AD58E18AF133}.Debug|Any CPU.Build.0 = Debug|Any CPU
		{5C56D7CF-AE91-46DD-BA57-AD58E18AF133}.Release|Any CPU.ActiveCfg = Release|Any CPU
		{5C56D7CF-AE91-46DD-BA57-AD58E18AF133}.Release|Any CPU.Build.0 = Release|Any CPU
		{8AA43CC0-E8C0-4C03-8260-1583F22B23FD}.Debug|Any CPU.ActiveCfg = Debug|Any CPU
		{8AA43CC0-E8C0-4C03-8260-1583F22B23FD}.Debug|Any CPU.Build.0 = Debug|Any CPU
		{8AA43CC0-E8C0-4C03-8260-1583F22B23FD}.Release|Any CPU.ActiveCfg = Release|Any CPU
		{8AA43CC0-E8C0-4C03-8260-1583F22B23FD}.Release|Any CPU.Build.0 = Release|Any CPU
	EndGlobalSection
	GlobalSection(SolutionProperties) = preSolution
		HideSolutionNode = FALSE
	EndGlobalSection
	GlobalSection(ExtensibilityGlobals) = postSolution
		SolutionGuid = {D46FF81E-9EBB-4C39-A9EA-659C125B777F}
	EndGlobalSection
EndGlobal
